
Microsoft Visual Studio Solution File, Format Version 12.00
# Visual Studio Version 16
VisualStudioVersion = 16.0.29911.84
MinimumVisualStudioVersion = 10.0.40219.1
Project("{FAE04EC0-301F-11D3-BF4B-00C04F79EFBC}") = "CovidTP", "CovidTP\CovidTP.csproj", "{1E8E7381-8957-4A4A-A9F7-34CECA8B9A5A}"
EndProject
Project("{FAE04EC0-301F-11D3-BF4B-00C04F79EFBC}") = "CovidTP.DAL", "CovidTP.DAL\CovidTP.DAL.csproj", "{14C4C971-1079-49E4-A16D-481FF9F2CE87}"
EndProject
Global
	GlobalSection(SolutionConfigurationPlatforms) = preSolution
		Debug|Any CPU = Debug|Any CPU
		Release|Any CPU = Release|Any CPU
	EndGlobalSection
	GlobalSection(ProjectConfigurationPlatforms) = postSolution
		{1E8E7381-8957-4A4A-A9F7-34CECA8B9A5A}.Debug|Any CPU.ActiveCfg = Debug|Any CPU
		{1E8E7381-8957-4A4A-A9F7-34CECA8B9A5A}.Debug|Any CPU.Build.0 = Debug|Any CPU
		{1E8E7381-8957-4A4A-A9F7-34CECA8B9A5A}.Release|Any CPU.ActiveCfg = Release|Any CPU
		{1E8E7381-8957-4A4A-A9F7-34CECA8B9A5A}.Release|Any CPU.Build.0 = Release|Any CPU
		{14C4C971-1079-49E4-A16D-481FF9F2CE87}.Debug|Any CPU.ActiveCfg = Debug|Any CPU
		{14C4C971-1079-49E4-A16D-481FF9F2CE87}.Debug|Any CPU.Build.0 = Debug|Any CPU
		{14C4C971-1079-49E4-A16D-481FF9F2CE87}.Release|Any CPU.ActiveCfg = Release|Any CPU
		{14C4C971-1079-49E4-A16D-481FF9F2CE87}.Release|Any CPU.Build.0 = Release|Any CPU
	EndGlobalSection
	GlobalSection(SolutionProperties) = preSolution
		HideSolutionNode = FALSE
	EndGlobalSection
	GlobalSection(ExtensibilityGlobals) = postSolution
		SolutionGuid = {7D6D2849-6968-4457-AAEE-5C92AB69C11B}
	EndGlobalSection
EndGlobal
